
Microsoft Visual Studio Solution File, Format Version 12.00
# Visual Studio 15
Project("{FAE04EC0-301F-11D3-BF4B-00C04F79EFBC}") = "Assembly-CSharp", "Assembly-CSharp.csproj", "{E12E67C8-35E2-D7FA-B782-D742D4FCE8A8}"
EndProject
Project("{FAE04EC0-301F-11D3-BF4B-00C04F79EFBC}") = "Assembly-CSharp-firstpass", "Assembly-CSharp-firstpass.csproj", "{4F82277A-0844-75EF-8261-CC1FA490C332}"
EndProject
Project("{FAE04EC0-301F-11D3-BF4B-00C04F79EFBC}") = "Assembly-CSharp-Editor-firstpass", "Assembly-CSharp-Editor-firstpass.csproj", "{9EC683CF-A9DB-E7CA-B183-6E5445290CA2}"
EndProject
Global
	GlobalSection(SolutionConfigurationPlatforms) = preSolution
		Debug|Any CPU = Debug|Any CPU
		Release|Any CPU = Release|Any CPU
	EndGlobalSection
	GlobalSection(ProjectConfigurationPlatforms) = postSolution
		{E12E67C8-35E2-D7FA-B782-D742D4FCE8A8}.Debug|Any CPU.ActiveCfg = Debug|Any CPU
		{E12E67C8-35E2-D7FA-B782-D742D4FCE8A8}.Debug|Any CPU.Build.0 = Debug|Any CPU
		{E12E67C8-35E2-D7FA-B782-D742D4FCE8A8}.Release|Any CPU.ActiveCfg = Release|Any CPU
		{E12E67C8-35E2-D7FA-B782-D742D4FCE8A8}.Release|Any CPU.Build.0 = Release|Any CPU
		{4F82277A-0844-75EF-8261-CC1FA490C332}.Debug|Any CPU.ActiveCfg = Debug|Any CPU
		{4F82277A-0844-75EF-8261-CC1FA490C332}.Debug|Any CPU.Build.0 = Debug|Any CPU
		{4F82277A-0844-75EF-8261-CC1FA490C332}.Release|Any CPU.ActiveCfg = Release|Any CPU
		{4F82277A-0844-75EF-8261-CC1FA490C332}.Release|Any CPU.Build.0 = Release|Any CPU
		{9EC683CF-A9DB-E7CA-B183-6E5445290CA2}.Debug|Any CPU.ActiveCfg = Debug|Any CPU
		{9EC683CF-A9DB-E7CA-B183-6E5445290CA2}.Debug|Any CPU.Build.0 = Debug|Any CPU
		{9EC683CF-A9DB-E7CA-B183-6E5445290CA2}.Release|Any CPU.ActiveCfg = Release|Any CPU
		{9EC683CF-A9DB-E7CA-B183-6E5445290CA2}.Release|Any CPU.Build.0 = Release|Any CPU
	EndGlobalSection
	GlobalSection(SolutionProperties) = preSolution
		HideSolutionNode = FALSE
	EndGlobalSection
EndGlobal
