
Microsoft Visual Studio Solution File, Format Version 12.00
# Visual Studio 15
Project("{FAE04EC0-301F-11D3-BF4B-00C04F79EFBC}") = "Assembly-CSharp", "Assembly-CSharp.csproj", "{7C43C94D-B275-C922-F004-0F56DD0CCAC2}"
EndProject
Project("{FAE04EC0-301F-11D3-BF4B-00C04F79EFBC}") = "Assembly-CSharp-firstpass", "Assembly-CSharp-firstpass.csproj", "{030E52F5-8596-F719-8647-89ED30405CB9}"
EndProject
Project("{FAE04EC0-301F-11D3-BF4B-00C04F79EFBC}") = "Assembly-CSharp-Editor-firstpass", "Assembly-CSharp-Editor-firstpass.csproj", "{5CCC4C1F-0856-B082-C68E-E7371B3E436D}"
EndProject
Global
	GlobalSection(SolutionConfigurationPlatforms) = preSolution
		Debug|Any CPU = Debug|Any CPU
		Release|Any CPU = Release|Any CPU
	EndGlobalSection
	GlobalSection(ProjectConfigurationPlatforms) = postSolution
		{7C43C94D-B275-C922-F004-0F56DD0CCAC2}.Debug|Any CPU.ActiveCfg = Debug|Any CPU
		{7C43C94D-B275-C922-F004-0F56DD0CCAC2}.Debug|Any CPU.Build.0 = Debug|Any CPU
		{7C43C94D-B275-C922-F004-0F56DD0CCAC2}.Release|Any CPU.ActiveCfg = Release|Any CPU
		{7C43C94D-B275-C922-F004-0F56DD0CCAC2}.Release|Any CPU.Build.0 = Release|Any CPU
		{030E52F5-8596-F719-8647-89ED30405CB9}.Debug|Any CPU.ActiveCfg = Debug|Any CPU
		{030E52F5-8596-F719-8647-89ED30405CB9}.Debug|Any CPU.Build.0 = Debug|Any CPU
		{030E52F5-8596-F719-8647-89ED30405CB9}.Release|Any CPU.ActiveCfg = Release|Any CPU
		{030E52F5-8596-F719-8647-89ED30405CB9}.Release|Any CPU.Build.0 = Release|Any CPU
		{5CCC4C1F-0856-B082-C68E-E7371B3E436D}.Debug|Any CPU.ActiveCfg = Debug|Any CPU
		{5CCC4C1F-0856-B082-C68E-E7371B3E436D}.Debug|Any CPU.Build.0 = Debug|Any CPU
		{5CCC4C1F-0856-B082-C68E-E7371B3E436D}.Release|Any CPU.ActiveCfg = Release|Any CPU
		{5CCC4C1F-0856-B082-C68E-E7371B3E436D}.Release|Any CPU.Build.0 = Release|Any CPU
	EndGlobalSection
	GlobalSection(SolutionProperties) = preSolution
		HideSolutionNode = FALSE
	EndGlobalSection
EndGlobal
